
Microsoft Visual Studio Solution File, Format Version 12.00
# Visual Studio Version 16
VisualStudioVersion = 16.0.29215.179
MinimumVisualStudioVersion = 10.0.40219.1
Project("{FAE04EC0-301F-11D3-BF4B-00C04F79EFBC}") = "ProyectoFinal", "ProyectoFinal\ProyectoFinal.csproj", "{F1F3F9CC-6F5C-4F3E-9DDF-FD43AE2F0471}"
EndProject
Project("{FAE04EC0-301F-11D3-BF4B-00C04F79EFBC}") = "ProyectoFinalTests", "ProyectoFinalTests\ProyectoFinalTests.csproj", "{D6EA563A-FBF8-41BC-A897-FFEE66F1E414}"
EndProject
Global
	GlobalSection(SolutionConfigurationPlatforms) = preSolution
		Debug|Any CPU = Debug|Any CPU
		Release|Any CPU = Release|Any CPU
	EndGlobalSection
	GlobalSection(ProjectConfigurationPlatforms) = postSolution
		{F1F3F9CC-6F5C-4F3E-9DDF-FD43AE2F0471}.Debug|Any CPU.ActiveCfg = Debug|Any CPU
		{F1F3F9CC-6F5C-4F3E-9DDF-FD43AE2F0471}.Debug|Any CPU.Build.0 = Debug|Any CPU
		{F1F3F9CC-6F5C-4F3E-9DDF-FD43AE2F0471}.Release|Any CPU.ActiveCfg = Release|Any CPU
		{F1F3F9CC-6F5C-4F3E-9DDF-FD43AE2F0471}.Release|Any CPU.Build.0 = Release|Any CPU
		{D6EA563A-FBF8-41BC-A897-FFEE66F1E414}.Debug|Any CPU.ActiveCfg = Debug|Any CPU
		{D6EA563A-FBF8-41BC-A897-FFEE66F1E414}.Debug|Any CPU.Build.0 = Debug|Any CPU
		{D6EA563A-FBF8-41BC-A897-FFEE66F1E414}.Release|Any CPU.ActiveCfg = Release|Any CPU
		{D6EA563A-FBF8-41BC-A897-FFEE66F1E414}.Release|Any CPU.Build.0 = Release|Any CPU
	EndGlobalSection
	GlobalSection(SolutionProperties) = preSolution
		HideSolutionNode = FALSE
	EndGlobalSection
	GlobalSection(ExtensibilityGlobals) = postSolution
		SolutionGuid = {93C97DCF-40FB-47E1-B3F9-7F7900B200AF}
	EndGlobalSection
EndGlobal
